<Solution>
  <Folder Name="/Solution Items/">
    <File Path=".editorconfig" />
    <File Path=".gitattributes" />
    <File Path=".gitignore" />
  </Folder>
  <Project Path="SolidarityConnection.Application/SolidarityConnection.Application.csproj" Id="fabfd702-ac18-42f3-bc96-4946b7acdbc4" />
  <Project Path="SolidarityConnection.Domain/SolidarityConnection.Domain.csproj" Id="adbc2859-1567-4154-b4a4-fa188f1f7e44" />
  <Project Path="SolidarityConnection.Infrastructure/SolidarityConnection.Infrastructure.csproj" Id="187f4acb-fa6f-46e3-b2c3-7af14d20f6c6" />
  <Project Path="SolidarityConnection.Presentation/SolidarityConnection.Presentation.csproj" />
</Solution>
